
Microsoft Visual Studio Solution File, Format Version 12.00
# Visual Studio 2015
Project("{FAE04EC0-301F-11D3-BF4B-00C04F79EFBC}") = "Project KEB 2", "Project KEB 2.csproj", "{92F40E32-5302-7AEE-1F56-8078F29A6A0A}"
EndProject
Global
	GlobalSection(SolutionConfigurationPlatforms) = preSolution
		Debug|Any CPU = Debug|Any CPU
		Release|Any CPU = Release|Any CPU
	EndGlobalSection
	GlobalSection(ProjectConfigurationPlatforms) = postSolution
		{92F40E32-5302-7AEE-1F56-8078F29A6A0A}.Debug|Any CPU.ActiveCfg = Debug|Any CPU
		{92F40E32-5302-7AEE-1F56-8078F29A6A0A}.Debug|Any CPU.Build.0 = Debug|Any CPU
		{92F40E32-5302-7AEE-1F56-8078F29A6A0A}.Release|Any CPU.ActiveCfg = Release|Any CPU
		{92F40E32-5302-7AEE-1F56-8078F29A6A0A}.Release|Any CPU.Build.0 = Release|Any CPU
	EndGlobalSection
	GlobalSection(SolutionProperties) = preSolution
		HideSolutionNode = FALSE
	EndGlobalSection
EndGlobal
