Microsoft Visual Studio Solution File, Format Version 11.00
# Visual Studio 2008

Project("{1D80DDC2-AF42-9EAC-1ACF-CF9B261E8736}") = "TDSGame", "Assembly-CSharp.csproj", "{5702566C-69AA-1871-4292-4EAAA41C0E2F}"
EndProject
Global
	GlobalSection(SolutionConfigurationPlatforms) = preSolution
		Debug|Any CPU = Debug|Any CPU
		Release|Any CPU = Release|Any CPU
	EndGlobalSection
	GlobalSection(ProjectConfigurationPlatforms) = postSolution
		{5702566C-69AA-1871-4292-4EAAA41C0E2F}.Debug|Any CPU.ActiveCfg = Debug|Any CPU
		{5702566C-69AA-1871-4292-4EAAA41C0E2F}.Debug|Any CPU.Build.0 = Debug|Any CPU
		{5702566C-69AA-1871-4292-4EAAA41C0E2F}.Release|Any CPU.ActiveCfg = Release|Any CPU
		{5702566C-69AA-1871-4292-4EAAA41C0E2F}.Release|Any CPU.Build.0 = Release|Any CPU
	EndGlobalSection
	GlobalSection(SolutionProperties) = preSolution
		HideSolutionNode = FALSE
	EndGlobalSection
	GlobalSection(MonoDevelopProperties) = preSolution
		StartupItem = Assembly-CSharp.csproj
	EndGlobalSection
EndGlobal
